
Microsoft Visual Studio Solution File, Format Version 12.00
# Visual Studio Version 17
VisualStudioVersion = 17.3.32825.248
MinimumVisualStudioVersion = 10.0.40219.1
Project("{9A19103F-16F7-4668-BE54-9A1E7A4F7556}") = "TextAdventure", "TextAdventure\TextAdventure.csproj", "{A6206293-020E-40C4-8671-92FAA32CFE42}"
EndProject
Project("{9A19103F-16F7-4668-BE54-9A1E7A4F7556}") = "TextAdventureLibrary", "TextAdventureLibrary\TextAdventureLibrary.csproj", "{075575EB-3F45-4EF7-B6F2-13D259983155}"
EndProject
Project("{FAE04EC0-301F-11D3-BF4B-00C04F79EFBC}") = "AdventureMaker", "AdventureMaker\AdventureMaker.csproj", "{3D127B3E-C0A6-40F4-A2AA-043F7C9CBE23}"
EndProject
Global
	GlobalSection(SolutionConfigurationPlatforms) = preSolution
		Debug|Any CPU = Debug|Any CPU
		Release|Any CPU = Release|Any CPU
	EndGlobalSection
	GlobalSection(ProjectConfigurationPlatforms) = postSolution
		{A6206293-020E-40C4-8671-92FAA32CFE42}.Debug|Any CPU.ActiveCfg = Debug|Any CPU
		{A6206293-020E-40C4-8671-92FAA32CFE42}.Debug|Any CPU.Build.0 = Debug|Any CPU
		{A6206293-020E-40C4-8671-92FAA32CFE42}.Release|Any CPU.ActiveCfg = Release|Any CPU
		{A6206293-020E-40C4-8671-92FAA32CFE42}.Release|Any CPU.Build.0 = Release|Any CPU
		{075575EB-3F45-4EF7-B6F2-13D259983155}.Debug|Any CPU.ActiveCfg = Debug|Any CPU
		{075575EB-3F45-4EF7-B6F2-13D259983155}.Debug|Any CPU.Build.0 = Debug|Any CPU
		{075575EB-3F45-4EF7-B6F2-13D259983155}.Release|Any CPU.ActiveCfg = Release|Any CPU
		{075575EB-3F45-4EF7-B6F2-13D259983155}.Release|Any CPU.Build.0 = Release|Any CPU
		{3D127B3E-C0A6-40F4-A2AA-043F7C9CBE23}.Debug|Any CPU.ActiveCfg = Debug|Any CPU
		{3D127B3E-C0A6-40F4-A2AA-043F7C9CBE23}.Debug|Any CPU.Build.0 = Debug|Any CPU
		{3D127B3E-C0A6-40F4-A2AA-043F7C9CBE23}.Release|Any CPU.ActiveCfg = Release|Any CPU
		{3D127B3E-C0A6-40F4-A2AA-043F7C9CBE23}.Release|Any CPU.Build.0 = Release|Any CPU
	EndGlobalSection
	GlobalSection(SolutionProperties) = preSolution
		HideSolutionNode = FALSE
	EndGlobalSection
	GlobalSection(ExtensibilityGlobals) = postSolution
		SolutionGuid = {E799CD31-C703-4D80-A09D-1A3D72748183}
	EndGlobalSection
EndGlobal
